<?xml version="1.0" encoding="utf-8"?>
<Project ToolsVersion="4.0" xmlns="http://schemas.microsoft.com/developer/msbuild/2003">
  <ItemGroup>
    <ClCompile Include="Source\ModelLoader.cpp">
      <Filter>Modules</Filter>
    </ClCompile>
    <ClCompile Include="Source\ModuleCamera.cpp">
      <Filter>Modules</Filter>
    </ClCompile>
    <ClCompile Include="Source\ModuleDebugDraw.cpp">
      <Filter>Modules</Filter>
    </ClCompile>
    <ClCompile Include="Source\ModuleInput.cpp">
      <Filter>Modules</Filter>
    </ClCompile>
    <ClCompile Include="Source\ModuleMSTimer.cpp">
      <Filter>Modules</Filter>
    </ClCompile>
    <ClCompile Include="Source\ModuleProgram.cpp">
      <Filter>Modules</Filter>
    </ClCompile>
    <ClCompile Include="Source\ModuleRender.cpp">
      <Filter>Modules</Filter>
    </ClCompile>
    <ClCompile Include="Source\ModuleRenderExercise.cpp">
      <Filter>Modules</Filter>
    </ClCompile>
    <ClCompile Include="Source\ModuleScene.cpp">
      <Filter>Modules</Filter>
    </ClCompile>
    <ClCompile Include="Source\ModuleTextures.cpp">
      <Filter>Modules</Filter>
    </ClCompile>
    <ClCompile Include="Source\ModuleUI.cpp">
      <Filter>Modules</Filter>
    </ClCompile>
    <ClCompile Include="Source\ModuleWindow.cpp">
      <Filter>Modules</Filter>
    </ClCompile>
    <ClCompile Include="Source\ModuleμSTimer.cpp">
      <Filter>Modules</Filter>
    </ClCompile>
    <ClCompile Include="Source\Mesh.cpp">
      <Filter>ModelLoading</Filter>
    </ClCompile>
    <ClCompile Include="Source\Model.cpp">
      <Filter>ModelLoading</Filter>
    </ClCompile>
    <ClCompile Include="Source\Shader.cpp">
      <Filter>ModelLoading</Filter>
    </ClCompile>
    <ClCompile Include="Source\Application.cpp" />
    <ClCompile Include="Source\log.cpp" />
    <ClCompile Include="Source\Main.cpp" />
    <ClCompile Include="Libraries\MathGeoLib\include\Algorithm\Random\LCG.cpp">
      <Filter>Libraries\MatGeoLib</Filter>
    </ClCompile>
    <ClCompile Include="Libraries\MathGeoLib\include\Geometry\AABB.cpp">
      <Filter>Libraries\MatGeoLib</Filter>
    </ClCompile>
    <ClCompile Include="Libraries\MathGeoLib\include\Geometry\Capsule.cpp">
      <Filter>Libraries\MatGeoLib</Filter>
    </ClCompile>
    <ClCompile Include="Libraries\MathGeoLib\include\Geometry\Circle.cpp">
      <Filter>Libraries\MatGeoLib</Filter>
    </ClCompile>
    <ClCompile Include="Libraries\MathGeoLib\include\Geometry\Cone.cpp">
      <Filter>Libraries\MatGeoLib</Filter>
    </ClCompile>
    <ClCompile Include="Libraries\MathGeoLib\include\Geometry\Cylinder.cpp">
      <Filter>Libraries\MatGeoLib</Filter>
    </ClCompile>
    <ClCompile Include="Libraries\MathGeoLib\include\Geometry\Frustum.cpp">
      <Filter>Libraries\MatGeoLib</Filter>
    </ClCompile>
    <ClCompile Include="Libraries\MathGeoLib\include\Geometry\Line.cpp">
      <Filter>Libraries\MatGeoLib</Filter>
    </ClCompile>
    <ClCompile Include="Libraries\MathGeoLib\include\Geometry\LineSegment.cpp">
      <Filter>Libraries\MatGeoLib</Filter>
    </ClCompile>
    <ClCompile Include="Libraries\MathGeoLib\include\Geometry\OBB.cpp">
      <Filter>Libraries\MatGeoLib</Filter>
    </ClCompile>
    <ClCompile Include="Libraries\MathGeoLib\include\Geometry\Plane.cpp">
      <Filter>Libraries\MatGeoLib</Filter>
    </ClCompile>
    <ClCompile Include="Libraries\MathGeoLib\include\Geometry\Polygon.cpp">
      <Filter>Libraries\MatGeoLib</Filter>
    </ClCompile>
    <ClCompile Include="Libraries\MathGeoLib\include\Geometry\Polyhedron.cpp">
      <Filter>Libraries\MatGeoLib</Filter>
    </ClCompile>
    <ClCompile Include="Libraries\MathGeoLib\include\Geometry\Ray.cpp">
      <Filter>Libraries\MatGeoLib</Filter>
    </ClCompile>
    <ClCompile Include="Libraries\MathGeoLib\include\Geometry\Sphere.cpp">
      <Filter>Libraries\MatGeoLib</Filter>
    </ClCompile>
    <ClCompile Include="Libraries\MathGeoLib\include\Geometry\Triangle.cpp">
      <Filter>Libraries\MatGeoLib</Filter>
    </ClCompile>
    <ClCompile Include="Libraries\MathGeoLib\include\Geometry\TriangleMesh.cpp">
      <Filter>Libraries\MatGeoLib</Filter>
    </ClCompile>
    <ClCompile Include="Libraries\MathGeoLib\include\Math\BitOps.cpp">
      <Filter>Libraries\MatGeoLib</Filter>
    </ClCompile>
    <ClCompile Include="Libraries\MathGeoLib\include\Math\float2.cpp">
      <Filter>Libraries\MatGeoLib</Filter>
    </ClCompile>
    <ClCompile Include="Libraries\MathGeoLib\include\Math\float3.cpp">
      <Filter>Libraries\MatGeoLib</Filter>
    </ClCompile>
    <ClCompile Include="Libraries\MathGeoLib\include\Math\float3x3.cpp">
      <Filter>Libraries\MatGeoLib</Filter>
    </ClCompile>
    <ClCompile Include="Libraries\MathGeoLib\include\Math\float3x4.cpp">
      <Filter>Libraries\MatGeoLib</Filter>
    </ClCompile>
    <ClCompile Include="Libraries\MathGeoLib\include\Math\float4.cpp">
      <Filter>Libraries\MatGeoLib</Filter>
    </ClCompile>
    <ClCompile Include="Libraries\MathGeoLib\include\Math\float4x4.cpp">
      <Filter>Libraries\MatGeoLib</Filter>
    </ClCompile>
    <ClCompile Include="Libraries\MathGeoLib\include\Math\MathFunc.cpp">
      <Filter>Libraries\MatGeoLib</Filter>
    </ClCompile>
    <ClCompile Include="Libraries\MathGeoLib\include\Math\MathLog.cpp">
      <Filter>Libraries\MatGeoLib</Filter>
    </ClCompile>
    <ClCompile Include="Libraries\MathGeoLib\include\Math\MathOps.cpp">
      <Filter>Libraries\MatGeoLib</Filter>
    </ClCompile>
    <ClCompile Include="Libraries\MathGeoLib\include\Math\Polynomial.cpp">
      <Filter>Libraries\MatGeoLib</Filter>
    </ClCompile>
    <ClCompile Include="Libraries\MathGeoLib\include\Math\Quat.cpp">
      <Filter>Libraries\MatGeoLib</Filter>
    </ClCompile>
    <ClCompile Include="Libraries\MathGeoLib\include\Math\SSEMath.cpp">
      <Filter>Libraries\MatGeoLib</Filter>
    </ClCompile>
    <ClCompile Include="Libraries\MathGeoLib\include\Math\TransformOps.cpp">
      <Filter>Libraries\MatGeoLib</Filter>
    </ClCompile>
    <ClCompile Include="Libraries\IMGUI\imgui.cpp">
      <Filter>Libraries\ImGui</Filter>
    </ClCompile>
    <ClCompile Include="Libraries\IMGUI\imgui_demo.cpp">
      <Filter>Libraries\ImGui</Filter>
    </ClCompile>
    <ClCompile Include="Libraries\IMGUI\imgui_draw.cpp">
      <Filter>Libraries\ImGui</Filter>
    </ClCompile>
    <ClCompile Include="Libraries\IMGUI\imgui_impl_glfw.cpp">
      <Filter>Libraries\ImGui</Filter>
    </ClCompile>
    <ClCompile Include="Libraries\IMGUI\imgui_impl_opengl3.cpp">
      <Filter>Libraries\ImGui</Filter>
    </ClCompile>
    <ClCompile Include="Libraries\IMGUI\imgui_impl_sdl.cpp">
      <Filter>Libraries\ImGui</Filter>
    </ClCompile>
    <ClCompile Include="Libraries\IMGUI\imgui_widgets.cpp">
      <Filter>Libraries\ImGui</Filter>
    </ClCompile>
    <ClCompile Include="Libraries\MathGeoLib\include\Time\Clock.cpp">
      <Filter>Libraries\MatGeoLib</Filter>
    </ClCompile>
  </ItemGroup>
  <ItemGroup>
    <ClInclude Include="Source\ModelLoader.h">
      <Filter>Modules</Filter>
    </ClInclude>
    <ClInclude Include="Source\Module.h">
      <Filter>Modules</Filter>
    </ClInclude>
    <ClInclude Include="Source\ModuleCamera.h">
      <Filter>Modules</Filter>
    </ClInclude>
    <ClInclude Include="Source\ModuleDebugDraw.h">
      <Filter>Modules</Filter>
    </ClInclude>
    <ClInclude Include="Source\ModuleInput.h">
      <Filter>Modules</Filter>
    </ClInclude>
    <ClInclude Include="Source\ModuleMSTimer.h">
      <Filter>Modules</Filter>
    </ClInclude>
    <ClInclude Include="Source\ModuleProgram.h">
      <Filter>Modules</Filter>
    </ClInclude>
    <ClInclude Include="Source\ModuleRender.h">
      <Filter>Modules</Filter>
    </ClInclude>
    <ClInclude Include="Source\ModuleRenderExercise.h">
      <Filter>Modules</Filter>
    </ClInclude>
    <ClInclude Include="Source\ModuleScene.h">
      <Filter>Modules</Filter>
    </ClInclude>
    <ClInclude Include="Source\ModuleTextures.h">
      <Filter>Modules</Filter>
    </ClInclude>
    <ClInclude Include="Source\ModuleUI.h">
      <Filter>Modules</Filter>
    </ClInclude>
    <ClInclude Include="Source\ModuleWindow.h">
      <Filter>Modules</Filter>
    </ClInclude>
    <ClInclude Include="Source\ModuleμSTimer.h">
      <Filter>Modules</Filter>
    </ClInclude>
    <ClInclude Include="Source\Mesh.h">
      <Filter>ModelLoading</Filter>
    </ClInclude>
    <ClInclude Include="Source\Model.h">
      <Filter>ModelLoading</Filter>
    </ClInclude>
    <ClInclude Include="Source\Shader.h">
      <Filter>ModelLoading</Filter>
    </ClInclude>
    <ClInclude Include="Source\Application.h" />
    <ClInclude Include="Source\Globals.h" />
    <ClInclude Include="Libraries\MathGeoLib\include\Algorithm\Random\LCG.h">
      <Filter>Libraries\MatGeoLib</Filter>
    </ClInclude>
    <ClInclude Include="Libraries\MathGeoLib\include\Geometry\AABB.h">
      <Filter>Libraries\MatGeoLib</Filter>
    </ClInclude>
    <ClInclude Include="Libraries\MathGeoLib\include\Geometry\AABB2D.h">
      <Filter>Libraries\MatGeoLib</Filter>
    </ClInclude>
    <ClInclude Include="Libraries\MathGeoLib\include\Geometry\Capsule.h">
      <Filter>Libraries\MatGeoLib</Filter>
    </ClInclude>
    <ClInclude Include="Libraries\MathGeoLib\include\Geometry\Circle.h">
      <Filter>Libraries\MatGeoLib</Filter>
    </ClInclude>
    <ClInclude Include="Libraries\MathGeoLib\include\Geometry\Cone.h">
      <Filter>Libraries\MatGeoLib</Filter>
    </ClInclude>
    <ClInclude Include="Libraries\MathGeoLib\include\Geometry\Cylinder.h">
      <Filter>Libraries\MatGeoLib</Filter>
    </ClInclude>
    <ClInclude Include="Libraries\MathGeoLib\include\Geometry\Frustum.h">
      <Filter>Libraries\MatGeoLib</Filter>
    </ClInclude>
    <ClInclude Include="Libraries\MathGeoLib\include\Geometry\GeometryAll.h">
      <Filter>Libraries\MatGeoLib</Filter>
    </ClInclude>
    <ClInclude Include="Libraries\MathGeoLib\include\Geometry\GeomType.h">
      <Filter>Libraries\MatGeoLib</Filter>
    </ClInclude>
    <ClInclude Include="Libraries\MathGeoLib\include\Geometry\HitInfo.h">
      <Filter>Libraries\MatGeoLib</Filter>
    </ClInclude>
    <ClInclude Include="Libraries\MathGeoLib\include\Geometry\KDTree.h">
      <Filter>Libraries\MatGeoLib</Filter>
    </ClInclude>
    <ClInclude Include="Libraries\MathGeoLib\include\Geometry\Line.h">
      <Filter>Libraries\MatGeoLib</Filter>
    </ClInclude>
    <ClInclude Include="Libraries\MathGeoLib\include\Geometry\LineSegment.h">
      <Filter>Libraries\MatGeoLib</Filter>
    </ClInclude>
    <ClInclude Include="Libraries\MathGeoLib\include\Geometry\OBB.h">
      <Filter>Libraries\MatGeoLib</Filter>
    </ClInclude>
    <ClInclude Include="Libraries\MathGeoLib\include\Geometry\PBVolume.h">
      <Filter>Libraries\MatGeoLib</Filter>
    </ClInclude>
    <ClInclude Include="Libraries\MathGeoLib\include\Geometry\Plane.h">
      <Filter>Libraries\MatGeoLib</Filter>
    </ClInclude>
    <ClInclude Include="Libraries\MathGeoLib\include\Geometry\Polygon.h">
      <Filter>Libraries\MatGeoLib</Filter>
    </ClInclude>
    <ClInclude Include="Libraries\MathGeoLib\include\Geometry\Polyhedron.h">
      <Filter>Libraries\MatGeoLib</Filter>
    </ClInclude>
    <ClInclude Include="Libraries\MathGeoLib\include\Geometry\QuadTree.h">
      <Filter>Libraries\MatGeoLib</Filter>
    </ClInclude>
    <ClInclude Include="Libraries\MathGeoLib\include\Geometry\Ray.h">
      <Filter>Libraries\MatGeoLib</Filter>
    </ClInclude>
    <ClInclude Include="Libraries\MathGeoLib\include\Geometry\Sphere.h">
      <Filter>Libraries\MatGeoLib</Filter>
    </ClInclude>
    <ClInclude Include="Libraries\MathGeoLib\include\Geometry\Triangle.h">
      <Filter>Libraries\MatGeoLib</Filter>
    </ClInclude>
    <ClInclude Include="Libraries\MathGeoLib\include\Geometry\TriangleMesh.h">
      <Filter>Libraries\MatGeoLib</Filter>
    </ClInclude>
    <ClInclude Include="Libraries\MathGeoLib\include\Math\TransformOps.h">
      <Filter>Libraries\MatGeoLib</Filter>
    </ClInclude>
    <ClInclude Include="Libraries\MathGeoLib\include\Math\assume.h">
      <Filter>Libraries\MatGeoLib</Filter>
    </ClInclude>
    <ClInclude Include="Libraries\MathGeoLib\include\Math\BitOps.h">
      <Filter>Libraries\MatGeoLib</Filter>
    </ClInclude>
    <ClInclude Include="Libraries\MathGeoLib\include\Math\Complex.h">
      <Filter>Libraries\MatGeoLib</Filter>
    </ClInclude>
    <ClInclude Include="Libraries\MathGeoLib\include\Math\CoordinateAxisConvention.h">
      <Filter>Libraries\MatGeoLib</Filter>
    </ClInclude>
    <ClInclude Include="Libraries\MathGeoLib\include\Math\FixedPoint.h">
      <Filter>Libraries\MatGeoLib</Filter>
    </ClInclude>
    <ClInclude Include="Libraries\MathGeoLib\include\Math\float2.h">
      <Filter>Libraries\MatGeoLib</Filter>
    </ClInclude>
    <ClInclude Include="Libraries\MathGeoLib\include\Math\float3.h">
      <Filter>Libraries\MatGeoLib</Filter>
    </ClInclude>
    <ClInclude Include="Libraries\MathGeoLib\include\Math\float3x3.h">
      <Filter>Libraries\MatGeoLib</Filter>
    </ClInclude>
    <ClInclude Include="Libraries\MathGeoLib\include\Math\float3x4.h">
      <Filter>Libraries\MatGeoLib</Filter>
    </ClInclude>
    <ClInclude Include="Libraries\MathGeoLib\include\Math\float4.h">
      <Filter>Libraries\MatGeoLib</Filter>
    </ClInclude>
    <ClInclude Include="Libraries\MathGeoLib\include\Math\float4_neon.h">
      <Filter>Libraries\MatGeoLib</Filter>
    </ClInclude>
    <ClInclude Include="Libraries\MathGeoLib\include\Math\float4_sse.h">
      <Filter>Libraries\MatGeoLib</Filter>
    </ClInclude>
    <ClInclude Include="Libraries\MathGeoLib\include\Math\float4x4.h">
      <Filter>Libraries\MatGeoLib</Filter>
    </ClInclude>
    <ClInclude Include="Libraries\MathGeoLib\include\Math\float4x4_neon.h">
      <Filter>Libraries\MatGeoLib</Filter>
    </ClInclude>
    <ClInclude Include="Libraries\MathGeoLib\include\Math\float4x4_sse.h">
      <Filter>Libraries\MatGeoLib</Filter>
    </ClInclude>
    <ClInclude Include="Libraries\MathGeoLib\include\Math\FloatCmp.h">
      <Filter>Libraries\MatGeoLib</Filter>
    </ClInclude>
    <ClInclude Include="Libraries\MathGeoLib\include\Math\MathAll.h">
      <Filter>Libraries\MatGeoLib</Filter>
    </ClInclude>
    <ClInclude Include="Libraries\MathGeoLib\include\Math\MathConstants.h">
      <Filter>Libraries\MatGeoLib</Filter>
    </ClInclude>
    <ClInclude Include="Libraries\MathGeoLib\include\Math\MathFunc.h">
      <Filter>Libraries\MatGeoLib</Filter>
    </ClInclude>
    <ClInclude Include="Libraries\MathGeoLib\include\Math\MathLog.h">
      <Filter>Libraries\MatGeoLib</Filter>
    </ClInclude>
    <ClInclude Include="Libraries\MathGeoLib\include\Math\MathNamespace.h">
      <Filter>Libraries\MatGeoLib</Filter>
    </ClInclude>
    <ClInclude Include="Libraries\MathGeoLib\include\Math\MathTypes.h">
      <Filter>Libraries\MatGeoLib</Filter>
    </ClInclude>
    <ClInclude Include="Libraries\MathGeoLib\include\Math\MatrixProxy.h">
      <Filter>Libraries\MatGeoLib</Filter>
    </ClInclude>
    <ClInclude Include="Libraries\MathGeoLib\include\Math\myassert.h">
      <Filter>Libraries\MatGeoLib</Filter>
    </ClInclude>
    <ClInclude Include="Libraries\MathGeoLib\include\Math\Polynomial.h">
      <Filter>Libraries\MatGeoLib</Filter>
    </ClInclude>
    <ClInclude Include="Libraries\MathGeoLib\include\Math\Quat.h">
      <Filter>Libraries\MatGeoLib</Filter>
    </ClInclude>
    <ClInclude Include="Libraries\MathGeoLib\include\Math\quat_simd.h">
      <Filter>Libraries\MatGeoLib</Filter>
    </ClInclude>
    <ClInclude Include="Libraries\MathGeoLib\include\Math\Rect.h">
      <Filter>Libraries\MatGeoLib</Filter>
    </ClInclude>
    <ClInclude Include="Libraries\MathGeoLib\include\Math\Reinterpret.h">
      <Filter>Libraries\MatGeoLib</Filter>
    </ClInclude>
    <ClInclude Include="Libraries\MathGeoLib\include\Math\sse_mathfun.h">
      <Filter>Libraries\MatGeoLib</Filter>
    </ClInclude>
    <ClInclude Include="Libraries\MathGeoLib\include\Math\SSEMath.h">
      <Filter>Libraries\MatGeoLib</Filter>
    </ClInclude>
    <ClInclude Include="Source\DebugDraw.h">
      <Filter>Libraries\DebugDraw</Filter>
    </ClInclude>
    <ClInclude Include="Source\Util\debug_draw.hpp">
      <Filter>Libraries\DebugDraw</Filter>
    </ClInclude>
    <ClInclude Include="Source\Util\par_shapes.h">
      <Filter>Libraries\DebugDraw</Filter>
    </ClInclude>
    <ClInclude Include="Libraries\IMGUI\imconfig.h">
      <Filter>Libraries\ImGui</Filter>
    </ClInclude>
    <ClInclude Include="Libraries\IMGUI\imgui.h">
      <Filter>Libraries\ImGui</Filter>
    </ClInclude>
    <ClInclude Include="Libraries\IMGUI\imgui_impl_glfw.h">
      <Filter>Libraries\ImGui</Filter>
    </ClInclude>
    <ClInclude Include="Libraries\IMGUI\imgui_impl_opengl3.h">
      <Filter>Libraries\ImGui</Filter>
    </ClInclude>
    <ClInclude Include="Libraries\IMGUI\imgui_impl_sdl.h">
      <Filter>Libraries\ImGui</Filter>
    </ClInclude>
    <ClInclude Include="Libraries\IMGUI\imgui_internal.h">
      <Filter>Libraries\ImGui</Filter>
    </ClInclude>
    <ClInclude Include="Libraries\IMGUI\imstb_rectpack.h">
      <Filter>Libraries\ImGui</Filter>
    </ClInclude>
    <ClInclude Include="Libraries\IMGUI\imstb_textedit.h">
      <Filter>Libraries\ImGui</Filter>
    </ClInclude>
    <ClInclude Include="Libraries\IMGUI\imstb_truetype.h">
      <Filter>Libraries\ImGui</Filter>
    </ClInclude>
    <ClInclude Include="Libraries\MathGeoLib\include\Time\Clock.h">
      <Filter>Libraries\MatGeoLib</Filter>
    </ClInclude>
  </ItemGroup>
  <ItemGroup>
    <Filter Include="Libraries">
      <UniqueIdentifier>{71f8c55a-dd3c-4907-82d7-72ec1321c288}</UniqueIdentifier>
    </Filter>
    <Filter Include="Libraries\MatGeoLib">
      <UniqueIdentifier>{e5f124a2-ae2b-40a9-9af6-cee9a35ba952}</UniqueIdentifier>
    </Filter>
    <Filter Include="Modules">
      <UniqueIdentifier>{c944e8cc-0894-4580-9e2b-651c87d1bad1}</UniqueIdentifier>
    </Filter>
    <Filter Include="Shaders">
      <UniqueIdentifier>{bb4a2064-600e-4c7d-87a6-e9236d5b1a8a}</UniqueIdentifier>
    </Filter>
    <Filter Include="Libraries\ImGui">
      <UniqueIdentifier>{84865285-b3fe-4c95-9ab8-2d2c0078d52c}</UniqueIdentifier>
    </Filter>
    <Filter Include="ModelLoading">
      <UniqueIdentifier>{5fd7df92-18de-43dd-a09a-f9c42347f247}</UniqueIdentifier>
    </Filter>
    <Filter Include="Libraries\DebugDraw">
      <UniqueIdentifier>{2e027512-0e58-46bd-8b41-23b955b6591d}</UniqueIdentifier>
    </Filter>
  </ItemGroup>
  <ItemGroup>
    <None Include="Libraries\MathGeoLib\include\Geometry\KDTree.inl">
      <Filter>Libraries\MatGeoLib</Filter>
    </None>
    <None Include="Libraries\MathGeoLib\include\Geometry\QuadTree.inl">
      <Filter>Libraries\MatGeoLib</Filter>
    </None>
    <None Include="Libraries\MathGeoLib\include\Geometry\TriangleMesh_IntersectRay_AVX.inl">
      <Filter>Libraries\MatGeoLib</Filter>
    </None>
    <None Include="Libraries\MathGeoLib\include\Geometry\TriangleMesh_IntersectRay_CPP.inl">
      <Filter>Libraries\MatGeoLib</Filter>
    </None>
    <None Include="Libraries\MathGeoLib\include\Geometry\TriangleMesh_IntersectRay_SSE.inl">
      <Filter>Libraries\MatGeoLib</Filter>
    </None>
    <None Include="Libraries\MathGeoLib\include\Math\Matrix.inl">
      <Filter>Libraries\MatGeoLib</Filter>
    </None>
    <None Include="Source\Shaders\default.fs">
      <Filter>Shaders</Filter>
    </None>
    <None Include="Source\Shaders\default.vs">
      <Filter>Shaders</Filter>
    </None>
    <None Include="Source\Shaders\lines.fs">
      <Filter>Shaders</Filter>
    </None>
    <None Include="Source\Shaders\lines.vs">
      <Filter>Shaders</Filter>
    </None>
    <None Include="Source\Shaders\model.fs">
      <Filter>Shaders</Filter>
    </None>
    <None Include="Source\Shaders\model.vs">
      <Filter>Shaders</Filter>
    </None>
    <None Include="Source\Shaders\ModelViewer.fs">
      <Filter>Shaders</Filter>
    </None>
    <None Include="Source\Shaders\ModelViewer.vs">
      <Filter>Shaders</Filter>
    </None>
    <None Include="Source\Shaders\Phong.fs">
      <Filter>Shaders</Filter>
    </None>
    <None Include="Source\Shaders\Phong.vs">
      <Filter>Shaders</Filter>
    </None>
    <None Include="Source\Shaders\quad.fs">
      <Filter>Shaders</Filter>
    </None>
    <None Include="Source\Shaders\quad.vs">
      <Filter>Shaders</Filter>
    </None>
    <None Include="Source\Shaders\red.fs">
      <Filter>Shaders</Filter>
    </None>
    <None Include="Source\Shaders\red.vs">
      <Filter>Shaders</Filter>
    </None>
  </ItemGroup>
</Project>